# This file is automatically @generated by Poetry 1.7.1 and should not be changed by hand.

[[package]]
name = "antlr4-python3-runtime"
version = "4.7.2"
description = "ANTLR 4.7.2 runtime for Python 3.6.3"
optional = true
python-versions = "*"
files = [
    {file = "antlr4-python3-runtime-4.7.2.tar.gz", hash = "sha256:168cdcec8fb9152e84a87ca6fd261b3d54c8f6358f42ab3b813b14a7193bb50b"},
]

[[package]]
name = "colorama"
version = "0.4.6"
description = "Cross-platform colored terminal text."
optional = false
python-versions = "!=3.0.*,!=3.1.*,!=3.2.*,!=3.3.*,!=3.4.*,!=3.5.*,!=3.6.*,>=2.7"
files = [
    {file = "colorama-0.4.6-py2.py3-none-any.whl", hash = "sha256:4f1d9991f5acc0ca119f9d443620b77f9d6b33703e51011c16baf57afb285fc6"},
    {file = "colorama-0.4.6.tar.gz", hash = "sha256:08695f5cb7ed6e0531a20572697297273c47b8cae5a63ffc6d6ed5c201be6e44"},
]

[[package]]
name = "flake8"
version = "6.1.0"
description = "the modular source code checker: pep8 pyflakes and co"
optional = false
python-versions = ">=3.8.1"
files = [
    {file = "flake8-6.1.0-py2.py3-none-any.whl", hash = "sha256:ffdfce58ea94c6580c77888a86506937f9a1a227dfcd15f245d694ae20a6b6e5"},
    {file = "flake8-6.1.0.tar.gz", hash = "sha256:d5b3857f07c030bdb5bf41c7f53799571d75c4491748a3adcd47de929e34cd23"},
]

[package.dependencies]
mccabe = ">=0.7.0,<0.8.0"
pycodestyle = ">=2.11.0,<2.12.0"
pyflakes = ">=3.1.0,<3.2.0"

[[package]]
name = "jeepney"
version = "0.8.0"
description = "Low-level, pure Python DBus protocol wrapper."
optional = false
python-versions = ">=3.7"
files = [
    {file = "jeepney-0.8.0-py3-none-any.whl", hash = "sha256:c0a454ad016ca575060802ee4d590dd912e35c122fa04e70306de3d076cce755"},
    {file = "jeepney-0.8.0.tar.gz", hash = "sha256:5efe48d255973902f6badc3ce55e2aa6c5c3b3bc642059ef3a91247bcfcc5806"},
]

[package.extras]
test = ["async-timeout", "pytest", "pytest-asyncio (>=0.17)", "pytest-trio", "testpath", "trio"]
trio = ["async_generator", "trio"]

[[package]]
name = "latex2sympy2"
version = "1.9.1"
description = "Convert latex to sympy with ANTLR and support Matrix, Linear Algebra and CAS functions."
optional = true
python-versions = "*"
files = [
    {file = "latex2sympy2-1.9.1-py3-none-any.whl", hash = "sha256:44f24d263d235164a91173167a30d449f4360e3f0a59239ce6b843c50a41c601"},
]

[package.dependencies]
antlr4-python3-runtime = "4.7.2"
sympy = ">=1.4"

[[package]]
name = "linkify-it-py"
version = "2.0.2"
description = "Links recognition library with FULL unicode support."
optional = false
python-versions = ">=3.7"
files = [
    {file = "linkify-it-py-2.0.2.tar.gz", hash = "sha256:19f3060727842c254c808e99d465c80c49d2c7306788140987a1a7a29b0d6ad2"},
    {file = "linkify_it_py-2.0.2-py3-none-any.whl", hash = "sha256:a3a24428f6c96f27370d7fe61d2ac0be09017be5190d68d8658233171f1b6541"},
]

[package.dependencies]
uc-micro-py = "*"

[package.extras]
benchmark = ["pytest", "pytest-benchmark"]
dev = ["black", "flake8", "isort", "pre-commit", "pyproject-flake8"]
doc = ["myst-parser", "sphinx", "sphinx-book-theme"]
test = ["coverage", "pytest", "pytest-cov"]

[[package]]
name = "loguru"
version = "0.6.0"
description = "Python logging made (stupidly) simple"
optional = false
python-versions = ">=3.5"
files = [
    {file = "loguru-0.6.0-py3-none-any.whl", hash = "sha256:4e2414d534a2ab57573365b3e6d0234dfb1d84b68b7f3b948e6fb743860a77c3"},
    {file = "loguru-0.6.0.tar.gz", hash = "sha256:066bd06758d0a513e9836fd9c6b5a75bfb3fd36841f4b996bc60b547a309d41c"},
]

[package.dependencies]
colorama = {version = ">=0.3.4", markers = "sys_platform == \"win32\""}
win32-setctime = {version = ">=1.0.0", markers = "sys_platform == \"win32\""}

[package.extras]
dev = ["Sphinx (>=4.1.1)", "black (>=19.10b0)", "colorama (>=0.3.4)", "docutils (==0.16)", "flake8 (>=3.7.7)", "isort (>=5.1.1)", "pytest (>=4.6.2)", "pytest-cov (>=2.7.1)", "sphinx-autobuild (>=0.7.1)", "sphinx-rtd-theme (>=0.4.3)", "tox (>=3.9.0)"]

[[package]]
name = "markdown-it-py"
version = "3.0.0"
description = "Python port of markdown-it. Markdown parsing, done right!"
optional = false
python-versions = ">=3.8"
files = [
    {file = "markdown-it-py-3.0.0.tar.gz", hash = "sha256:e3f60a94fa066dc52ec76661e37c851cb232d92f9886b15cb560aaada2df8feb"},
    {file = "markdown_it_py-3.0.0-py3-none-any.whl", hash = "sha256:355216845c60bd96232cd8d8c40e8f9765cc86f46880e43a8fd22dc1a1a8cab1"},
]

[package.dependencies]
mdurl = ">=0.1,<1.0"

[package.extras]
benchmarking = ["psutil", "pytest", "pytest-benchmark"]
code-style = ["pre-commit (>=3.0,<4.0)"]
compare = ["commonmark (>=0.9,<1.0)", "markdown (>=3.4,<4.0)", "mistletoe (>=1.0,<2.0)", "mistune (>=2.0,<3.0)", "panflute (>=2.3,<3.0)"]
linkify = ["linkify-it-py (>=1,<3)"]
plugins = ["mdit-py-plugins"]
profiling = ["gprof2dot"]
rtd = ["jupyter_sphinx", "mdit-py-plugins", "myst-parser", "pyyaml", "sphinx", "sphinx-copybutton", "sphinx-design", "sphinx_book_theme"]
testing = ["coverage", "pytest", "pytest-cov", "pytest-regressions"]

[[package]]
name = "mccabe"
version = "0.7.0"
description = "McCabe checker, plugin for flake8"
optional = false
python-versions = ">=3.6"
files = [
    {file = "mccabe-0.7.0-py2.py3-none-any.whl", hash = "sha256:6c2d30ab6be0e4a46919781807b4f0d834ebdd6c6e3dca0bda5a15f863427b6e"},
    {file = "mccabe-0.7.0.tar.gz", hash = "sha256:348e0240c33b60bbdf4e523192ef919f28cb2c3d7d5c7794f74009290f236325"},
]

[[package]]
name = "mdit-py-plugins"
version = "0.4.0"
description = "Collection of plugins for markdown-it-py"
optional = false
python-versions = ">=3.8"
files = [
    {file = "mdit_py_plugins-0.4.0-py3-none-any.whl", hash = "sha256:b51b3bb70691f57f974e257e367107857a93b36f322a9e6d44ca5bf28ec2def9"},
    {file = "mdit_py_plugins-0.4.0.tar.gz", hash = "sha256:d8ab27e9aed6c38aa716819fedfde15ca275715955f8a185a8e1cf90fb1d2c1b"},
]

[package.dependencies]
markdown-it-py = ">=1.0.0,<4.0.0"

[package.extras]
code-style = ["pre-commit"]
rtd = ["myst-parser", "sphinx-book-theme"]
testing = ["coverage", "pytest", "pytest-cov", "pytest-regressions"]

[[package]]
name = "mdurl"
version = "0.1.2"
description = "Markdown URL utilities"
optional = false
python-versions = ">=3.7"
files = [
    {file = "mdurl-0.1.2-py3-none-any.whl", hash = "sha256:84008a41e51615a49fc9966191ff91509e3c40b939176e643fd50a5c2196b8f8"},
    {file = "mdurl-0.1.2.tar.gz", hash = "sha256:bb413d29f5eea38f31dd4754dd7377d4465116fb207585f97bf925588687c1ba"},
]

[[package]]
name = "mpmath"
version = "1.3.0"
description = "Python library for arbitrary-precision floating-point arithmetic"
optional = true
python-versions = "*"
files = [
    {file = "mpmath-1.3.0-py3-none-any.whl", hash = "sha256:a0b2b9fe80bbcd81a6647ff13108738cfb482d481d826cc0e02f5b35e5c88d2c"},
    {file = "mpmath-1.3.0.tar.gz", hash = "sha256:7a28eb2a9774d00c7bc92411c19a89209d5da7c4c9a9e227be8330a23a25b91f"},
]

[package.extras]
develop = ["codecov", "pycodestyle", "pytest (>=4.6)", "pytest-cov", "wheel"]
docs = ["sphinx"]
gmpy = ["gmpy2 (>=2.1.0a4)"]
tests = ["pytest (>=4.6)"]

[[package]]
name = "notify-py"
version = "0.3.42"
description = "Cross-platform desktop notification library for Python"
optional = false
python-versions = ">=3.6,<4.0"
files = [
    {file = "notify_py-0.3.42-py3-none-any.whl", hash = "sha256:184e1ddb81edfd5e3830784f31203e88f0cb9018f2d9d7aa04f5f540876c0f27"},
    {file = "notify_py-0.3.42.tar.gz", hash = "sha256:f49457f1d0577a150df5c3fd58ed2892ce3106a517f8e2083f61743d1c05be36"},
]

[package.dependencies]
jeepney = {version = "*", markers = "sys_platform == \"linux\""}
loguru = ">=0.5.3,<=0.6.0"

[[package]]
name = "packaging"
version = "23.2"
description = "Core utilities for Python packages"
optional = false
python-versions = ">=3.7"
files = [
    {file = "packaging-23.2-py3-none-any.whl", hash = "sha256:8c491190033a9af7e1d931d0b5dacc2ef47509b34dd0de67ed209b5203fc88c7"},
    {file = "packaging-23.2.tar.gz", hash = "sha256:048fb0e9405036518eaaf48a55953c750c11e1a1b68e0dd1a9d62ed0c092cfc5"},
]

[[package]]
name = "prompt-toolkit"
version = "3.0.43"
description = "Library for building powerful interactive command lines in Python"
optional = false
python-versions = ">=3.7.0"
files = [
    {file = "prompt_toolkit-3.0.43-py3-none-any.whl", hash = "sha256:a11a29cb3bf0a28a387fe5122cdb649816a957cd9261dcedf8c9f1fef33eacf6"},
    {file = "prompt_toolkit-3.0.43.tar.gz", hash = "sha256:3527b7af26106cbc65a040bcc84839a3566ec1b051bb0bfe953631e704b0ff7d"},
]

[package.dependencies]
wcwidth = "*"

[[package]]
name = "pycodestyle"
version = "2.11.1"
description = "Python style guide checker"
optional = false
python-versions = ">=3.8"
files = [
    {file = "pycodestyle-2.11.1-py2.py3-none-any.whl", hash = "sha256:44fe31000b2d866f2e41841b18528a505fbd7fef9017b04eff4e2648a0fadc67"},
    {file = "pycodestyle-2.11.1.tar.gz", hash = "sha256:41ba0e7afc9752dfb53ced5489e89f8186be00e599e712660695b7a75ff2663f"},
]

[[package]]
name = "pyflakes"
version = "3.1.0"
description = "passive checker of Python programs"
optional = false
python-versions = ">=3.8"
files = [
    {file = "pyflakes-3.1.0-py2.py3-none-any.whl", hash = "sha256:4132f6d49cb4dae6819e5379898f2b8cce3c5f23994194c24b77d5da2e36f774"},
    {file = "pyflakes-3.1.0.tar.gz", hash = "sha256:a0aae034c444db0071aa077972ba4768d40c830d9539fd45bf4cd3f8f6992efc"},
]

[[package]]
name = "pygments"
version = "2.17.2"
description = "Pygments is a syntax highlighting package written in Python."
optional = false
python-versions = ">=3.7"
files = [
    {file = "pygments-2.17.2-py3-none-any.whl", hash = "sha256:b27c2826c47d0f3219f29554824c30c5e8945175d888647acd804ddd04af846c"},
    {file = "pygments-2.17.2.tar.gz", hash = "sha256:da46cec9fd2de5be3a8a784f434e4c4ab670b4ff54d605c4c2717e9d49c4c367"},
]

[package.extras]
plugins = ["importlib-metadata"]
windows-terminal = ["colorama (>=0.4.6)"]

[[package]]
name = "python-socks"
version = "2.4.4"
description = "Core proxy (SOCKS4, SOCKS5, HTTP tunneling) functionality for Python"
optional = false
python-versions = "*"
files = [
    {file = "python-socks-2.4.4.tar.gz", hash = "sha256:e5a8e4f78203612c813946feacd87b98943965a04389fe221fa1e9ab263ad22e"},
    {file = "python_socks-2.4.4-py3-none-any.whl", hash = "sha256:fda465d3ef229119ee614eb85f2b7c0ad28be6dd40e0ef8dd317c49e8725e514"},
]

[package.extras]
anyio = ["anyio (>=3.3.4,<5.0.0)"]
asyncio = ["async-timeout (>=3.0.1)"]
curio = ["curio (>=1.4)"]
trio = ["trio (>=0.16.0)"]

[[package]]
name = "pyyaml"
version = "6.0.1"
description = "YAML parser and emitter for Python"
optional = false
python-versions = ">=3.6"
files = [
    {file = "PyYAML-6.0.1-cp310-cp310-macosx_10_9_x86_64.whl", hash = "sha256:d858aa552c999bc8a8d57426ed01e40bef403cd8ccdd0fc5f6f04a00414cac2a"},
    {file = "PyYAML-6.0.1-cp310-cp310-macosx_11_0_arm64.whl", hash = "sha256:fd66fc5d0da6d9815ba2cebeb4205f95818ff4b79c3ebe268e75d961704af52f"},
    {file = "PyYAML-6.0.1-cp310-cp310-manylinux_2_17_aarch64.manylinux2014_aarch64.whl", hash = "sha256:69b023b2b4daa7548bcfbd4aa3da05b3a74b772db9e23b982788168117739938"},
    {file = "PyYAML-6.0.1-cp310-cp310-manylinux_2_17_s390x.manylinux2014_s390x.whl", hash = "sha256:81e0b275a9ecc9c0c0c07b4b90ba548307583c125f54d5b6946cfee6360c733d"},
    {file = "PyYAML-6.0.1-cp310-cp310-manylinux_2_17_x86_64.manylinux2014_x86_64.whl", hash = "sha256:ba336e390cd8e4d1739f42dfe9bb83a3cc2e80f567d8805e11b46f4a943f5515"},
    {file = "PyYAML-6.0.1-cp310-cp310-musllinux_1_1_x86_64.whl", hash = "sha256:326c013efe8048858a6d312ddd31d56e468118ad4cdeda36c719bf5bb6192290"},
    {file = "PyYAML-6.0.1-cp310-cp310-win32.whl", hash = "sha256:bd4af7373a854424dabd882decdc5579653d7868b8fb26dc7d0e99f823aa5924"},
    {file = "PyYAML-6.0.1-cp310-cp310-win_amd64.whl", hash = "sha256:fd1592b3fdf65fff2ad0004b5e363300ef59ced41c2e6b3a99d4089fa8c5435d"},
    {file = "PyYAML-6.0.1-cp311-cp311-macosx_10_9_x86_64.whl", hash = "sha256:6965a7bc3cf88e5a1c3bd2e0b5c22f8d677dc88a455344035f03399034eb3007"},
    {file = "PyYAML-6.0.1-cp311-cp311-macosx_11_0_arm64.whl", hash = "sha256:f003ed9ad21d6a4713f0a9b5a7a0a79e08dd0f221aff4525a2be4c346ee60aab"},
    {file = "PyYAML-6.0.1-cp311-cp311-manylinux_2_17_aarch64.manylinux2014_aarch64.whl", hash = "sha256:42f8152b8dbc4fe7d96729ec2b99c7097d656dc1213a3229ca5383f973a5ed6d"},
    {file = "PyYAML-6.0.1-cp311-cp311-manylinux_2_17_s390x.manylinux2014_s390x.whl", hash = "sha256:062582fca9fabdd2c8b54a3ef1c978d786e0f6b3a1510e0ac93ef59e0ddae2bc"},
    {file = "PyYAML-6.0.1-cp311-cp311-manylinux_2_17_x86_64.manylinux2014_x86_64.whl", hash = "sha256:d2b04aac4d386b172d5b9692e2d2da8de7bfb6c387fa4f801fbf6fb2e6ba4673"},
    {file = "PyYAML-6.0.1-cp311-cp311-musllinux_1_1_x86_64.whl", hash = "sha256:e7d73685e87afe9f3b36c799222440d6cf362062f78be1013661b00c5c6f678b"},
    {file = "PyYAML-6.0.1-cp311-cp311-win32.whl", hash = "sha256:1635fd110e8d85d55237ab316b5b011de701ea0f29d07611174a1b42f1444741"},
    {file = "PyYAML-6.0.1-cp311-cp311-win_amd64.whl", hash = "sha256:bf07ee2fef7014951eeb99f56f39c9bb4af143d8aa3c21b1677805985307da34"},
    {file = "PyYAML-6.0.1-cp312-cp312-macosx_10_9_x86_64.whl", hash = "sha256:855fb52b0dc35af121542a76b9a84f8d1cd886ea97c84703eaa6d88e37a2ad28"},
    {file = "PyYAML-6.0.1-cp312-cp312-macosx_11_0_arm64.whl", hash = "sha256:40df9b996c2b73138957fe23a16a4f0ba614f4c0efce1e9406a184b6d07fa3a9"},
    {file = "PyYAML-6.0.1-cp312-cp312-manylinux_2_17_x86_64.manylinux2014_x86_64.whl", hash = "sha256:6c22bec3fbe2524cde73d7ada88f6566758a8f7227bfbf93a408a9d86bcc12a0"},
    {file = "PyYAML-6.0.1-cp312-cp312-musllinux_1_1_x86_64.whl", hash = "sha256:8d4e9c88387b0f5c7d5f281e55304de64cf7f9c0021a3525bd3b1c542da3b0e4"},
    {file = "PyYAML-6.0.1-cp312-cp312-win32.whl", hash = "sha256:d483d2cdf104e7c9fa60c544d92981f12ad66a457afae824d146093b8c294c54"},
    {file = "PyYAML-6.0.1-cp312-cp312-win_amd64.whl", hash = "sha256:0d3304d8c0adc42be59c5f8a4d9e3d7379e6955ad754aa9d6ab7a398b59dd1df"},
    {file = "PyYAML-6.0.1-cp36-cp36m-macosx_10_9_x86_64.whl", hash = "sha256:50550eb667afee136e9a77d6dc71ae76a44df8b3e51e41b77f6de2932bfe0f47"},
    {file = "PyYAML-6.0.1-cp36-cp36m-manylinux_2_17_aarch64.manylinux2014_aarch64.whl", hash = "sha256:1fe35611261b29bd1de0070f0b2f47cb6ff71fa6595c077e42bd0c419fa27b98"},
    {file = "PyYAML-6.0.1-cp36-cp36m-manylinux_2_17_s390x.manylinux2014_s390x.whl", hash = "sha256:704219a11b772aea0d8ecd7058d0082713c3562b4e271b849ad7dc4a5c90c13c"},
    {file = "PyYAML-6.0.1-cp36-cp36m-manylinux_2_17_x86_64.manylinux2014_x86_64.whl", hash = "sha256:afd7e57eddb1a54f0f1a974bc4391af8bcce0b444685d936840f125cf046d5bd"},
    {file = "PyYAML-6.0.1-cp36-cp36m-win32.whl", hash = "sha256:fca0e3a251908a499833aa292323f32437106001d436eca0e6e7833256674585"},
    {file = "PyYAML-6.0.1-cp36-cp36m-win_amd64.whl", hash = "sha256:f22ac1c3cac4dbc50079e965eba2c1058622631e526bd9afd45fedd49ba781fa"},
    {file = "PyYAML-6.0.1-cp37-cp37m-macosx_10_9_x86_64.whl", hash = "sha256:b1275ad35a5d18c62a7220633c913e1b42d44b46ee12554e5fd39c70a243d6a3"},
    {file = "PyYAML-6.0.1-cp37-cp37m-manylinux_2_17_aarch64.manylinux2014_aarch64.whl", hash = "sha256:18aeb1bf9a78867dc38b259769503436b7c72f7a1f1f4c93ff9a17de54319b27"},
    {file = "PyYAML-6.0.1-cp37-cp37m-manylinux_2_17_s390x.manylinux2014_s390x.whl", hash = "sha256:596106435fa6ad000c2991a98fa58eeb8656ef2325d7e158344fb33864ed87e3"},
    {file = "PyYAML-6.0.1-cp37-cp37m-manylinux_2_17_x86_64.manylinux2014_x86_64.whl", hash = "sha256:baa90d3f661d43131ca170712d903e6295d1f7a0f595074f151c0aed377c9b9c"},
    {file = "PyYAML-6.0.1-cp37-cp37m-win32.whl", hash = "sha256:9046c58c4395dff28dd494285c82ba00b546adfc7ef001486fbf0324bc174fba"},
    {file = "PyYAML-6.0.1-cp37-cp37m-win_amd64.whl", hash = "sha256:4fb147e7a67ef577a588a0e2c17b6db51dda102c71de36f8549b6816a96e1867"},
    {file = "PyYAML-6.0.1-cp38-cp38-macosx_10_9_x86_64.whl", hash = "sha256:1d4c7e777c441b20e32f52bd377e0c409713e8bb1386e1099c2415f26e479595"},
    {file = "PyYAML-6.0.1-cp38-cp38-manylinux_2_17_aarch64.manylinux2014_aarch64.whl", hash = "sha256:a0cd17c15d3bb3fa06978b4e8958dcdc6e0174ccea823003a106c7d4d7899ac5"},
    {file = "PyYAML-6.0.1-cp38-cp38-manylinux_2_17_s390x.manylinux2014_s390x.whl", hash = "sha256:28c119d996beec18c05208a8bd78cbe4007878c6dd15091efb73a30e90539696"},
    {file = "PyYAML-6.0.1-cp38-cp38-manylinux_2_17_x86_64.manylinux2014_x86_64.whl", hash = "sha256:7e07cbde391ba96ab58e532ff4803f79c4129397514e1413a7dc761ccd755735"},
    {file = "PyYAML-6.0.1-cp38-cp38-musllinux_1_1_x86_64.whl", hash = "sha256:49a183be227561de579b4a36efbb21b3eab9651dd81b1858589f796549873dd6"},
    {file = "PyYAML-6.0.1-cp38-cp38-win32.whl", hash = "sha256:184c5108a2aca3c5b3d3bf9395d50893a7ab82a38004c8f61c258d4428e80206"},
    {file = "PyYAML-6.0.1-cp38-cp38-win_amd64.whl", hash = "sha256:1e2722cc9fbb45d9b87631ac70924c11d3a401b2d7f410cc0e3bbf249f2dca62"},
    {file = "PyYAML-6.0.1-cp39-cp39-macosx_10_9_x86_64.whl", hash = "sha256:9eb6caa9a297fc2c2fb8862bc5370d0303ddba53ba97e71f08023b6cd73d16a8"},
    {file = "PyYAML-6.0.1-cp39-cp39-macosx_11_0_arm64.whl", hash = "sha256:c8098ddcc2a85b61647b2590f825f3db38891662cfc2fc776415143f599bb859"},
    {file = "PyYAML-6.0.1-cp39-cp39-manylinux_2_17_aarch64.manylinux2014_aarch64.whl", hash = "sha256:5773183b6446b2c99bb77e77595dd486303b4faab2b086e7b17bc6bef28865f6"},
    {file = "PyYAML-6.0.1-cp39-cp39-manylinux_2_17_s390x.manylinux2014_s390x.whl", hash = "sha256:b786eecbdf8499b9ca1d697215862083bd6d2a99965554781d0d8d1ad31e13a0"},
    {file = "PyYAML-6.0.1-cp39-cp39-manylinux_2_17_x86_64.manylinux2014_x86_64.whl", hash = "sha256:bc1bf2925a1ecd43da378f4db9e4f799775d6367bdb94671027b73b393a7c42c"},
    {file = "PyYAML-6.0.1-cp39-cp39-musllinux_1_1_x86_64.whl", hash = "sha256:04ac92ad1925b2cff1db0cfebffb6ffc43457495c9b3c39d3fcae417d7125dc5"},
    {file = "PyYAML-6.0.1-cp39-cp39-win32.whl", hash = "sha256:faca3bdcf85b2fc05d06ff3fbc1f83e1391b3e724afa3feba7d13eeab355484c"},
    {file = "PyYAML-6.0.1-cp39-cp39-win_amd64.whl", hash = "sha256:510c9deebc5c0225e8c96813043e62b680ba2f9c50a08d3724c7f28a747d1486"},
    {file = "PyYAML-6.0.1.tar.gz", hash = "sha256:bfdf460b1736c775f2ba9f6a92bca30bc2095067b8a9d77876d1fad6cc3b4a43"},
]

[[package]]
name = "sympy"
version = "1.12"
description = "Computer algebra system (CAS) in Python"
optional = true
python-versions = ">=3.8"
files = [
    {file = "sympy-1.12-py3-none-any.whl", hash = "sha256:c3588cd4295d0c0f603d0f2ae780587e64e2efeedb3521e46b9bb1d08d184fa5"},
    {file = "sympy-1.12.tar.gz", hash = "sha256:ebf595c8dac3e0fdc4152c51878b498396ec7f30e7a914d6071e674d49420fb8"},
]

[package.dependencies]
mpmath = ">=0.19"

[[package]]
name = "termcolor"
version = "2.4.0"
description = "ANSI color formatting for output in terminal"
optional = false
python-versions = ">=3.8"
files = [
    {file = "termcolor-2.4.0-py3-none-any.whl", hash = "sha256:9297c0df9c99445c2412e832e882a7884038a25617c60cea2ad69488d4040d63"},
    {file = "termcolor-2.4.0.tar.gz", hash = "sha256:aab9e56047c8ac41ed798fa36d892a37aca6b3e9159f3e0c24bc64a9b3ac7b7a"},
]

[package.extras]
tests = ["pytest", "pytest-cov"]

[[package]]
name = "uc-micro-py"
version = "1.0.2"
description = "Micro subset of unicode data files for linkify-it-py projects."
optional = false
python-versions = ">=3.7"
files = [
    {file = "uc-micro-py-1.0.2.tar.gz", hash = "sha256:30ae2ac9c49f39ac6dce743bd187fcd2b574b16ca095fa74cd9396795c954c54"},
    {file = "uc_micro_py-1.0.2-py3-none-any.whl", hash = "sha256:8c9110c309db9d9e87302e2f4ad2c3152770930d88ab385cd544e7a7e75f3de0"},
]

[package.extras]
test = ["coverage", "pytest", "pytest-cov"]

[[package]]
name = "wcwidth"
version = "0.2.12"
description = "Measures the displayed width of unicode strings in a terminal"
optional = false
python-versions = "*"
files = [
    {file = "wcwidth-0.2.12-py2.py3-none-any.whl", hash = "sha256:f26ec43d96c8cbfed76a5075dac87680124fa84e0855195a6184da9c187f133c"},
    {file = "wcwidth-0.2.12.tar.gz", hash = "sha256:f01c104efdf57971bcb756f054dd58ddec5204dd15fa31d6503ea57947d97c02"},
]

[[package]]
name = "websocket-client"
version = "1.7.0"
description = "WebSocket client for Python with low level API options"
optional = false
python-versions = ">=3.8"
files = [
    {file = "websocket-client-1.7.0.tar.gz", hash = "sha256:10e511ea3a8c744631d3bd77e61eb17ed09304c413ad42cf6ddfa4c7787e8fe6"},
    {file = "websocket_client-1.7.0-py3-none-any.whl", hash = "sha256:f4c3d22fec12a2461427a29957ff07d35098ee2d976d3ba244e688b8b4057588"},
]

[package.extras]
docs = ["Sphinx (>=6.0)", "sphinx-rtd-theme (>=1.1.0)"]
optional = ["python-socks", "wsaccel"]
test = ["websockets"]

[[package]]
name = "win32-setctime"
version = "1.1.0"
description = "A small Python utility to set file creation time on Windows"
optional = false
python-versions = ">=3.5"
files = [
    {file = "win32_setctime-1.1.0-py3-none-any.whl", hash = "sha256:231db239e959c2fe7eb1d7dc129f11172354f98361c4fa2d6d2d7e278baa8aad"},
    {file = "win32_setctime-1.1.0.tar.gz", hash = "sha256:15cf5750465118d6929ae4de4eb46e8edae9a5634350c01ba582df868e932cb2"},
]

[package.extras]
dev = ["black (>=19.3b0)", "pytest (>=4.6.2)"]

[[package]]
name = "wsaccel"
version = "0.6.6"
description = "Accelerator for ws4py and AutobahnPython"
optional = false
python-versions = "*"
files = [
    {file = "wsaccel-0.6.6-cp310-cp310-macosx_10_9_universal2.whl", hash = "sha256:670857dd7a95a900bbb338d3a51b59d9cabc4797dbefa93ae56cbc249dedf8f3"},
    {file = "wsaccel-0.6.6-cp310-cp310-macosx_10_9_x86_64.whl", hash = "sha256:d1377c8458ad4d21fc756dcffe9d768c68944bd09b278a1846758719c8e00288"},
    {file = "wsaccel-0.6.6-cp310-cp310-macosx_11_0_arm64.whl", hash = "sha256:4c1a5937edaf38532597df61ce089deaef33417b4396484deff6f2b1fa22c62b"},
    {file = "wsaccel-0.6.6-cp310-cp310-manylinux_2_17_aarch64.manylinux2014_aarch64.whl", hash = "sha256:10a8eba84ef89b24e09bfdd94f74c90679810ea9508986178f2d858f55040029"},
    {file = "wsaccel-0.6.6-cp310-cp310-manylinux_2_17_x86_64.manylinux2014_x86_64.whl", hash = "sha256:458b1576f8e3ff650aae35301cb717504c7fe7f1414565d8a4a19489d83df316"},
    {file = "wsaccel-0.6.6-cp310-cp310-manylinux_2_5_i686.manylinux1_i686.manylinux_2_17_i686.manylinux2014_i686.whl", hash = "sha256:f069d60be03312ece51b75d0ea6839c41625930feaef8acd94716edaef74d053"},
    {file = "wsaccel-0.6.6-cp310-cp310-musllinux_1_1_aarch64.whl", hash = "sha256:62f3c7920167261cebf7b2ddd1d4a3e0e3b43f762dd9740ef71a1f2530081b3f"},
    {file = "wsaccel-0.6.6-cp310-cp310-musllinux_1_1_i686.whl", hash = "sha256:3aae728bdb5ec46442f7f4062bde6c62e2382a32ccd1fd8b3138b638021a2a36"},
    {file = "wsaccel-0.6.6-cp310-cp310-musllinux_1_1_x86_64.whl", hash = "sha256:51ce50e3c7c7a1fc69f3b7920238d9cf9673d48d1402dc5ee71eb8426457ddc5"},
    {file = "wsaccel-0.6.6-cp310-cp310-win32.whl", hash = "sha256:d20505d3c0cbc7d34efcf9e7cc5b8f5f1dc4b055f0be09e15f528f387d72a633"},
    {file = "wsaccel-0.6.6-cp310-cp310-win_amd64.whl", hash = "sha256:273cd5cd584c02f5026b0609430d8ba9e7f5b6d01bd0a6309cab258fed1d5f8d"},
    {file = "wsaccel-0.6.6-cp311-cp311-macosx_10_9_universal2.whl", hash = "sha256:70139bf54c26b8a7e5158bd7dc03cd0cc3af55facf6b63c55384610fc711c3ea"},
    {file = "wsaccel-0.6.6-cp311-cp311-macosx_10_9_x86_64.whl", hash = "sha256:9c0ee2fc0e4cacb333e4ca00f7f55457c715d84244a8f034fdcb851abc3635ca"},
    {file = "wsaccel-0.6.6-cp311-cp311-macosx_11_0_arm64.whl", hash = "sha256:414d9d802b59f5f41bbc2f001e2a9228957007c3684e33e64479e76b22909af3"},
    {file = "wsaccel-0.6.6-cp311-cp311-manylinux_2_17_aarch64.manylinux2014_aarch64.whl", hash = "sha256:f899f79d0881be740396efca9c01a776473c4f0eb59861a55c2c6e32b6781a74"},
    {file = "wsaccel-0.6.6-cp311-cp311-manylinux_2_17_x86_64.manylinux2014_x86_64.whl", hash = "sha256:d87200bbdf9759826dad33c2c322ccd2954b93431db707b83a80886f0b5910e5"},
    {file = "wsaccel-0.6.6-cp311-cp311-manylinux_2_5_i686.manylinux1_i686.manylinux_2_17_i686.manylinux2014_i686.whl", hash = "sha256:a918d4e0b4042715a311706cd91aa5dcc1cf9bba5090cf7c2884769abb39c9cf"},
    {file = "wsaccel-0.6.6-cp311-cp311-musllinux_1_1_aarch64.whl", hash = "sha256:bcd6b7f5f8b6fc8378ad3d30f328b5091fbdc62b8b46bd952dacd5a64688707f"},
    {file = "wsaccel-0.6.6-cp311-cp311-musllinux_1_1_i686.whl", hash = "sha256:e5a758e1a9916df05053334978ed74c3241fa665ad789f8b962e977131e076ca"},
    {file = "wsaccel-0.6.6-cp311-cp311-musllinux_1_1_x86_64.whl", hash = "sha256:c2a1a929512a9f82504aa739d4790e3c78c800abd07c3b9bd1e046228c5a967e"},
    {file = "wsaccel-0.6.6-cp311-cp311-win32.whl", hash = "sha256:00445ea583128055896c359aa0fad1bcbc44bc85b7857db1e34a06301d232f20"},
    {file = "wsaccel-0.6.6-cp311-cp311-win_amd64.whl", hash = "sha256:ab1a1ee11161a9b882ebf6553bb1401713e86e72547a6f2d8f0bc467f672c911"},
    {file = "wsaccel-0.6.6-cp312-cp312-macosx_10_9_universal2.whl", hash = "sha256:4b3cafeb2f69e2b9606755da0098b2b0e70a6f37cb5f374d195b92d12d605f30"},
    {file = "wsaccel-0.6.6-cp312-cp312-macosx_10_9_x86_64.whl", hash = "sha256:7d5c4535d153979c1196d7a23389a8e93129b738a4bb839fb1e77d9f2b08bb41"},
    {file = "wsaccel-0.6.6-cp312-cp312-macosx_11_0_arm64.whl", hash = "sha256:59a77171798eac6ba372c4dc935a5ea98fe46461c5b70554de50bf500c735dd9"},
    {file = "wsaccel-0.6.6-cp312-cp312-manylinux_2_17_aarch64.manylinux2014_aarch64.whl", hash = "sha256:bc51bae5016d2ef69cf8a71d5009f0f90dd043bcf1867f8d5b7cf7dab2d790c8"},
    {file = "wsaccel-0.6.6-cp312-cp312-manylinux_2_17_x86_64.manylinux2014_x86_64.whl", hash = "sha256:e0440f6c8a0334336c76536c8f9985db0ac5f430afe5ca5827a4f2c4aaba11df"},
    {file = "wsaccel-0.6.6-cp312-cp312-manylinux_2_5_i686.manylinux1_i686.manylinux_2_17_i686.manylinux2014_i686.whl", hash = "sha256:610245b574804b4432c8aad906cc9c3c6c7315977290d8d323aee3f95b267651"},
    {file = "wsaccel-0.6.6-cp312-cp312-musllinux_1_1_aarch64.whl", hash = "sha256:b5a2a6e53bf9b184f70a63dfd595af7d534db29691e2a11324e720212ada7953"},
    {file = "wsaccel-0.6.6-cp312-cp312-musllinux_1_1_i686.whl", hash = "sha256:fd06a4c6539de32cf669da1629bd6837c6ac84a2454cc78a043441f18f8aeb5a"},
    {file = "wsaccel-0.6.6-cp312-cp312-musllinux_1_1_x86_64.whl", hash = "sha256:7bf2731f53907e89f4fd152149d3ce02c35f7c5c3755eedcad09d4f793ff75f8"},
    {file = "wsaccel-0.6.6-cp312-cp312-win32.whl", hash = "sha256:3e7b37678d316bb00126f97961bc1f4774fc7680dafa23bdea40a15beaf6a6bb"},
    {file = "wsaccel-0.6.6-cp312-cp312-win_amd64.whl", hash = "sha256:5b9b7cbee58ea12da45e817a01f20ba45ebd37d258aee4ab11106b91980961a3"},
    {file = "wsaccel-0.6.6-cp38-cp38-macosx_10_9_universal2.whl", hash = "sha256:229c27d182591e76028d8fa2b4cc73286e18b7c882f34aa47d75a1c065b5514a"},
    {file = "wsaccel-0.6.6-cp38-cp38-macosx_10_9_x86_64.whl", hash = "sha256:587d3bbd9a9b8bf38fb8dcc32f59e23a60096da8900bbb1512fbc65fdf06c992"},
    {file = "wsaccel-0.6.6-cp38-cp38-macosx_11_0_arm64.whl", hash = "sha256:09999ae0727897e47c958150311de25eba28dc52a0b5568a7d7a35b54e536e73"},
    {file = "wsaccel-0.6.6-cp38-cp38-manylinux_2_17_aarch64.manylinux2014_aarch64.whl", hash = "sha256:c21b7101b156a91df598e73dbc1b1a6c85224d609351f72991aa68f69aca873a"},
    {file = "wsaccel-0.6.6-cp38-cp38-manylinux_2_17_x86_64.manylinux2014_x86_64.whl", hash = "sha256:47b9c529dbabf0b647b091486f8f473abc10c927e897253a0038830b5aa57494"},
    {file = "wsaccel-0.6.6-cp38-cp38-manylinux_2_5_i686.manylinux1_i686.manylinux_2_17_i686.manylinux2014_i686.whl", hash = "sha256:60d7a1c6e3aa5f6cc144a789d5313a861f2fd860bf62e0a468eef2262bd805a0"},
    {file = "wsaccel-0.6.6-cp38-cp38-musllinux_1_1_aarch64.whl", hash = "sha256:79a5cc1b3172601ac874ca048e9cf7ecb6209b61b6c3543822ac7640851c58a7"},
    {file = "wsaccel-0.6.6-cp38-cp38-musllinux_1_1_i686.whl", hash = "sha256:4f28a380eda05efbaae39701828d501539520938e1316ce4dc94bb0020cdfba1"},
    {file = "wsaccel-0.6.6-cp38-cp38-musllinux_1_1_x86_64.whl", hash = "sha256:d68c0638777d24ed1dfbef67b89894b887f0b24aac7e0106dad236337b6212ec"},
    {file = "wsaccel-0.6.6-cp38-cp38-win32.whl", hash = "sha256:fe774891fe89ce6e2e570501bf9af9cb8760b42991b3b588159ac38d8f058adf"},
    {file = "wsaccel-0.6.6-cp38-cp38-win_amd64.whl", hash = "sha256:4cd7f5f376efd07d93eeb4d0848c1b5b2805c93cee734cd79f2903cfd4d8a9a4"},
    {file = "wsaccel-0.6.6-cp39-cp39-macosx_10_9_universal2.whl", hash = "sha256:56eae811dc5a13f4a0e7c1e8d567132846f7f320c4fa80964d5def7b98873eae"},
    {file = "wsaccel-0.6.6-cp39-cp39-macosx_10_9_x86_64.whl", hash = "sha256:73a5bb52cbbd19b19dd87232f2cead62c01fa7895b42f08ec266c847d4703561"},
    {file = "wsaccel-0.6.6-cp39-cp39-macosx_11_0_arm64.whl", hash = "sha256:0dd4a5e4c4b80c9d2b0b037b552a576193d3f6e9e812347763907217d92c2702"},
    {file = "wsaccel-0.6.6-cp39-cp39-manylinux_2_17_aarch64.manylinux2014_aarch64.whl", hash = "sha256:0e2638c5e69df9e86e12310a26eadc3bf6c536eb32304496e4a58914e735b303"},
    {file = "wsaccel-0.6.6-cp39-cp39-manylinux_2_17_x86_64.manylinux2014_x86_64.whl", hash = "sha256:0718cb37e17b258eb5e5804ae4d86dcc63073a6be5090c7c5e8993c0e0ec754c"},
    {file = "wsaccel-0.6.6-cp39-cp39-manylinux_2_5_i686.manylinux1_i686.manylinux_2_17_i686.manylinux2014_i686.whl", hash = "sha256:238298b9c5b9b821aa94703bbbf34e0e92a4ae67f08f2b82a28ecb293fbade73"},
    {file = "wsaccel-0.6.6-cp39-cp39-musllinux_1_1_aarch64.whl", hash = "sha256:1ba9afd0613b852c119a93d7dbd1ab02244b41f8ea619a117bdb0926ebfcc845"},
    {file = "wsaccel-0.6.6-cp39-cp39-musllinux_1_1_i686.whl", hash = "sha256:ca7ecf0a24ece61540c9b12488e60224c43de4b9ad21218074b5e998ea3219b2"},
    {file = "wsaccel-0.6.6-cp39-cp39-musllinux_1_1_x86_64.whl", hash = "sha256:8acad029668184e2a4dc3ebeefca4c0b71cb5d1081ebd933b674d6a0fc790f38"},
    {file = "wsaccel-0.6.6-cp39-cp39-win32.whl", hash = "sha256:90bb18a1b440230ef40f918449c4ca3219625500cba0423489a258a732e5e0b6"},
    {file = "wsaccel-0.6.6-cp39-cp39-win_amd64.whl", hash = "sha256:3798ba3af378753fa5166b68462dc11ad740ba47a321699d923d4eedaf50c20b"},
    {file = "wsaccel-0.6.6.tar.gz", hash = "sha256:18efec0a7182587ba97102b4cd8df7b4f665f45d7ca36f19783f5f081ea114ea"},
]

[extras]
latex = ["latex2sympy2"]

[metadata]
lock-version = "2.0"
python-versions = ">=3.10, <4.0"
content-hash = "f1cd95fd0ae8211a54fe124842433dcc115b0e3b9dcdb0de83213982646e6feb"
